
Microsoft Visual Studio Solution File, Format Version 12.00
# Visual Studio Version 17
VisualStudioVersion = 17.9.34701.34
MinimumVisualStudioVersion = 10.0.40219.1
Project("{FAE04EC0-301F-11D3-BF4B-00C04F79EFBC}") = "Events.Data", "Events.Data\Events.Data.csproj", "{3C8308A3-6469-4436-8057-5BBF04CD1237}"
EndProject
Project("{FAE04EC0-301F-11D3-BF4B-00C04F79EFBC}") = "Events.Business", "Events.Business\Events.Business.csproj", "{4FCB67B0-A229-49AC-975A-A904F5AD226A}"
EndProject
Project("{FAE04EC0-301F-11D3-BF4B-00C04F79EFBC}") = "Events.RazorWebApp", "Events.RazorWebApp\Events.RazorWebApp.csproj", "{3BAEFE2B-636A-4155-95D2-3E6665265EEE}"
EndProject
Global
	GlobalSection(SolutionConfigurationPlatforms) = preSolution
		Debug|Any CPU = Debug|Any CPU
		Release|Any CPU = Release|Any CPU
	EndGlobalSection
	GlobalSection(ProjectConfigurationPlatforms) = postSolution
		{3C8308A3-6469-4436-8057-5BBF04CD1237}.Debug|Any CPU.ActiveCfg = Debug|Any CPU
		{3C8308A3-6469-4436-8057-5BBF04CD1237}.Debug|Any CPU.Build.0 = Debug|Any CPU
		{3C8308A3-6469-4436-8057-5BBF04CD1237}.Release|Any CPU.ActiveCfg = Release|Any CPU
		{3C8308A3-6469-4436-8057-5BBF04CD1237}.Release|Any CPU.Build.0 = Release|Any CPU
		{4FCB67B0-A229-49AC-975A-A904F5AD226A}.Debug|Any CPU.ActiveCfg = Debug|Any CPU
		{4FCB67B0-A229-49AC-975A-A904F5AD226A}.Debug|Any CPU.Build.0 = Debug|Any CPU
		{4FCB67B0-A229-49AC-975A-A904F5AD226A}.Release|Any CPU.ActiveCfg = Release|Any CPU
		{4FCB67B0-A229-49AC-975A-A904F5AD226A}.Release|Any CPU.Build.0 = Release|Any CPU
		{3BAEFE2B-636A-4155-95D2-3E6665265EEE}.Debug|Any CPU.ActiveCfg = Debug|Any CPU
		{3BAEFE2B-636A-4155-95D2-3E6665265EEE}.Debug|Any CPU.Build.0 = Debug|Any CPU
		{3BAEFE2B-636A-4155-95D2-3E6665265EEE}.Release|Any CPU.ActiveCfg = Release|Any CPU
		{3BAEFE2B-636A-4155-95D2-3E6665265EEE}.Release|Any CPU.Build.0 = Release|Any CPU
	EndGlobalSection
	GlobalSection(SolutionProperties) = preSolution
		HideSolutionNode = FALSE
	EndGlobalSection
	GlobalSection(ExtensibilityGlobals) = postSolution
		SolutionGuid = {B57B117A-D7B0-4ACA-ADD5-B4A0C5E520D2}
	EndGlobalSection
EndGlobal
