
Microsoft Visual Studio Solution File, Format Version 12.00
# Visual Studio Version 17
VisualStudioVersion = 17.9.34701.34
MinimumVisualStudioVersion = 10.0.40219.1
Project("{9A19103F-16F7-4668-BE54-9A1E7A4F7556}") = "Events.Data", "Events.Data\Events.Data.csproj", "{3C8308A3-6469-4436-8057-5BBF04CD1237}"
EndProject
Project("{9A19103F-16F7-4668-BE54-9A1E7A4F7556}") = "Events.Business", "Events.Business\Events.Business.csproj", "{4FCB67B0-A229-49AC-975A-A904F5AD226A}"
EndProject
Project("{9A19103F-16F7-4668-BE54-9A1E7A4F7556}") = "Events.Common", "Events.Constant\Events.Common.csproj", "{9F1B0940-8A3B-4DA9-9753-E2714F6CE2F4}"
EndProject
Project("{9A19103F-16F7-4668-BE54-9A1E7A4F7556}") = "Events.WpfApp", "Events.WpfApp\Events.WpfApp.csproj", "{D36F0543-D337-4490-908A-9167EBF92393}"
EndProject
Global
	GlobalSection(SolutionConfigurationPlatforms) = preSolution
		Debug|Any CPU = Debug|Any CPU
		Release|Any CPU = Release|Any CPU
	EndGlobalSection
	GlobalSection(ProjectConfigurationPlatforms) = postSolution
		{3C8308A3-6469-4436-8057-5BBF04CD1237}.Debug|Any CPU.ActiveCfg = Debug|Any CPU
		{3C8308A3-6469-4436-8057-5BBF04CD1237}.Debug|Any CPU.Build.0 = Debug|Any CPU
		{3C8308A3-6469-4436-8057-5BBF04CD1237}.Release|Any CPU.ActiveCfg = Release|Any CPU
		{3C8308A3-6469-4436-8057-5BBF04CD1237}.Release|Any CPU.Build.0 = Release|Any CPU
		{4FCB67B0-A229-49AC-975A-A904F5AD226A}.Debug|Any CPU.ActiveCfg = Debug|Any CPU
		{4FCB67B0-A229-49AC-975A-A904F5AD226A}.Debug|Any CPU.Build.0 = Debug|Any CPU
		{4FCB67B0-A229-49AC-975A-A904F5AD226A}.Release|Any CPU.ActiveCfg = Release|Any CPU
		{4FCB67B0-A229-49AC-975A-A904F5AD226A}.Release|Any CPU.Build.0 = Release|Any CPU
		{9F1B0940-8A3B-4DA9-9753-E2714F6CE2F4}.Debug|Any CPU.ActiveCfg = Debug|Any CPU
		{9F1B0940-8A3B-4DA9-9753-E2714F6CE2F4}.Debug|Any CPU.Build.0 = Debug|Any CPU
		{9F1B0940-8A3B-4DA9-9753-E2714F6CE2F4}.Release|Any CPU.ActiveCfg = Release|Any CPU
		{9F1B0940-8A3B-4DA9-9753-E2714F6CE2F4}.Release|Any CPU.Build.0 = Release|Any CPU
		{D36F0543-D337-4490-908A-9167EBF92393}.Debug|Any CPU.ActiveCfg = Debug|Any CPU
		{D36F0543-D337-4490-908A-9167EBF92393}.Debug|Any CPU.Build.0 = Debug|Any CPU
		{D36F0543-D337-4490-908A-9167EBF92393}.Release|Any CPU.ActiveCfg = Release|Any CPU
		{D36F0543-D337-4490-908A-9167EBF92393}.Release|Any CPU.Build.0 = Release|Any CPU
	EndGlobalSection
	GlobalSection(SolutionProperties) = preSolution
		HideSolutionNode = FALSE
	EndGlobalSection
	GlobalSection(ExtensibilityGlobals) = postSolution
		SolutionGuid = {B57B117A-D7B0-4ACA-ADD5-B4A0C5E520D2}
	EndGlobalSection
EndGlobal
